// !$*UTF8*$!
{
	archiveVersion = 1;
	classes = {
	};
	objectVersion = 56;
	objects = {

/* Begin PBXBuildFile section */
		101ABA312B84C75C0032288F /* AppDelegate.swift in Sources */ = {isa = PBXBuildFile; fileRef = 101ABA302B84C75C0032288F /* AppDelegate.swift */; };
		101ABA3A2B84C75D0032288F /* Assets.xcassets in Resources */ = {isa = PBXBuildFile; fileRef = 101ABA392B84C75D0032288F /* Assets.xcassets */; };
		101ABA3D2B84C75D0032288F /* LaunchScreen.storyboard in Resources */ = {isa = PBXBuildFile; fileRef = 101ABA3B2B84C75D0032288F /* LaunchScreen.storyboard */; };
		1027931E2B8A472500A8D13B /* SectionModel.swift in Sources */ = {isa = PBXBuildFile; fileRef = 1027931D2B8A472500A8D13B /* SectionModel.swift */; };
		102793202B8A4FB200A8D13B /* HomeMovieItem.swift in Sources */ = {isa = PBXBuildFile; fileRef = 1027931F2B8A4FB200A8D13B /* HomeMovieItem.swift */; };
		102793222B8A69AF00A8D13B /* GenericExtension.swift in Sources */ = {isa = PBXBuildFile; fileRef = 102793212B8A69AF00A8D13B /* GenericExtension.swift */; };
		102793262B8AB51600A8D13B /* MovieDetailResponse.swift in Sources */ = {isa = PBXBuildFile; fileRef = 102793252B8AB51600A8D13B /* MovieDetailResponse.swift */; };
		102793282B8ABC6900A8D13B /* HomePageViewController+CollectionView.swift in Sources */ = {isa = PBXBuildFile; fileRef = 102793272B8ABC6900A8D13B /* HomePageViewController+CollectionView.swift */; };
		1027932A2B8ACBA900A8D13B /* AppViewTag.swift in Sources */ = {isa = PBXBuildFile; fileRef = 102793292B8ACBA900A8D13B /* AppViewTag.swift */; };
		102793302B8AE1F600A8D13B /* Moviedetail.storyboard in Resources */ = {isa = PBXBuildFile; fileRef = 1027932F2B8AE1F600A8D13B /* Moviedetail.storyboard */; };
		102793362B8AE25C00A8D13B /* MovieDetailViewController.swift in Sources */ = {isa = PBXBuildFile; fileRef = 102793352B8AE25C00A8D13B /* MovieDetailViewController.swift */; };
		102793382B8AE26E00A8D13B /* MovieDetailViewModel.swift in Sources */ = {isa = PBXBuildFile; fileRef = 102793372B8AE26E00A8D13B /* MovieDetailViewModel.swift */; };
		1027933A2B8AE29100A8D13B /* MovieDetailRepository.swift in Sources */ = {isa = PBXBuildFile; fileRef = 102793392B8AE29100A8D13B /* MovieDetailRepository.swift */; };
		1027933C2B8AE2B700A8D13B /* MovieDetailCoordinator.swift in Sources */ = {isa = PBXBuildFile; fileRef = 1027933B2B8AE2B700A8D13B /* MovieDetailCoordinator.swift */; };
		1033F4F42B86B7BB00FC5041 /* HomePageViewController+Delegate.swift in Sources */ = {isa = PBXBuildFile; fileRef = 1033F4F32B86B7BB00FC5041 /* HomePageViewController+Delegate.swift */; };
		1033F4F72B86C78F00FC5041 /* SearchResponse.swift in Sources */ = {isa = PBXBuildFile; fileRef = 1033F4F62B86C78F00FC5041 /* SearchResponse.swift */; };
		10383C0E2B86245C007334D8 /* LoadingView.swift in Sources */ = {isa = PBXBuildFile; fileRef = 10383C0D2B86245C007334D8 /* LoadingView.swift */; };
		10383C102B8624D4007334D8 /* animation.json in Resources */ = {isa = PBXBuildFile; fileRef = 10383C0F2B8624D4007334D8 /* animation.json */; };
		103CA1D72B879042000465A5 /* Colors.swift in Sources */ = {isa = PBXBuildFile; fileRef = 103CA1D62B879042000465A5 /* Colors.swift */; };
		103CA1DA2B879131000465A5 /* Favorite.storyboard in Resources */ = {isa = PBXBuildFile; fileRef = 103CA1D92B879131000465A5 /* Favorite.storyboard */; };
		103CA1E02B879199000465A5 /* FavoriteViewController.swift in Sources */ = {isa = PBXBuildFile; fileRef = 103CA1DF2B879199000465A5 /* FavoriteViewController.swift */; };
		103CA1E22B8791C7000465A5 /* FavoriteViewModel.swift in Sources */ = {isa = PBXBuildFile; fileRef = 103CA1E12B8791C7000465A5 /* FavoriteViewModel.swift */; };
		103CA1E42B8791FC000465A5 /* FavoriteRepository.swift in Sources */ = {isa = PBXBuildFile; fileRef = 103CA1E32B8791FC000465A5 /* FavoriteRepository.swift */; };
		103CA1E62B879217000465A5 /* FavoriteCoordinator.swift in Sources */ = {isa = PBXBuildFile; fileRef = 103CA1E52B879217000465A5 /* FavoriteCoordinator.swift */; };
		103CA2062B880749000465A5 /* HomepageCollectionViewCell.swift in Sources */ = {isa = PBXBuildFile; fileRef = 103CA2042B880749000465A5 /* HomepageCollectionViewCell.swift */; };
		103CA2072B880749000465A5 /* HomepageCollectionViewCell.xib in Resources */ = {isa = PBXBuildFile; fileRef = 103CA2052B880749000465A5 /* HomepageCollectionViewCell.xib */; };
		103CA2172B882864000465A5 /* HomePageSectionModel.swift in Sources */ = {isa = PBXBuildFile; fileRef = 103CA2162B882864000465A5 /* HomePageSectionModel.swift */; };
		106D44172B8902AB009A8137 /* Signals in Frameworks */ = {isa = PBXBuildFile; productRef = 106D44162B8902AB009A8137 /* Signals */; };
		106D441C2B892342009A8137 /* Reachability.swift in Sources */ = {isa = PBXBuildFile; fileRef = 106D441B2B892341009A8137 /* Reachability.swift */; };
		109A49ED2B84CA0B00BBCB01 /* CombineMoya in Frameworks */ = {isa = PBXBuildFile; productRef = 109A49EC2B84CA0B00BBCB01 /* CombineMoya */; };
		109A49EF2B84CA0B00BBCB01 /* Moya in Frameworks */ = {isa = PBXBuildFile; productRef = 109A49EE2B84CA0B00BBCB01 /* Moya */; };
		109A49F12B84CA0B00BBCB01 /* ReactiveMoya in Frameworks */ = {isa = PBXBuildFile; productRef = 109A49F02B84CA0B00BBCB01 /* ReactiveMoya */; };
		109A49F32B84CA0B00BBCB01 /* RxMoya in Frameworks */ = {isa = PBXBuildFile; productRef = 109A49F22B84CA0B00BBCB01 /* RxMoya */; };
		109A4A042B84CCBD00BBCB01 /* GoogleService-Info.plist in Resources */ = {isa = PBXBuildFile; fileRef = 109A4A032B84CCBD00BBCB01 /* GoogleService-Info.plist */; };
		109A4A0E2B84CDA900BBCB01 /* Splash.storyboard in Resources */ = {isa = PBXBuildFile; fileRef = 109A4A0D2B84CDA900BBCB01 /* Splash.storyboard */; };
		109A4A102B84D13400BBCB01 /* AppCoordinator.swift in Sources */ = {isa = PBXBuildFile; fileRef = 109A4A0F2B84D13400BBCB01 /* AppCoordinator.swift */; };
		109A4A132B84D16700BBCB01 /* Coordinator.swift in Sources */ = {isa = PBXBuildFile; fileRef = 109A4A122B84D16700BBCB01 /* Coordinator.swift */; };
		109A4A162B84D1B300BBCB01 /* StoryboardIdentifiable.swift in Sources */ = {isa = PBXBuildFile; fileRef = 109A4A152B84D1B300BBCB01 /* StoryboardIdentifiable.swift */; };
		109A4A192B84D9F900BBCB01 /* Reusable.swift in Sources */ = {isa = PBXBuildFile; fileRef = 109A4A182B84D9F900BBCB01 /* Reusable.swift */; };
		109A4A1B2B84DA5200BBCB01 /* APIRouter.swift in Sources */ = {isa = PBXBuildFile; fileRef = 109A4A1A2B84DA5200BBCB01 /* APIRouter.swift */; };
		109A4A1E2B84DAF300BBCB01 /* Texts.swift in Sources */ = {isa = PBXBuildFile; fileRef = 109A4A1D2B84DAF300BBCB01 /* Texts.swift */; };
		109A4A232B84DBF000BBCB01 /* APIClient.swift in Sources */ = {isa = PBXBuildFile; fileRef = 109A4A222B84DBF000BBCB01 /* APIClient.swift */; };
		109A4A262B84DC3D00BBCB01 /* NetworkingError.swift in Sources */ = {isa = PBXBuildFile; fileRef = 109A4A252B84DC3D00BBCB01 /* NetworkingError.swift */; };
		109A4A282B84DC7600BBCB01 /* AuthNotificationName.swift in Sources */ = {isa = PBXBuildFile; fileRef = 109A4A272B84DC7600BBCB01 /* AuthNotificationName.swift */; };
		109A4A2B2B84DE5700BBCB01 /* KeychainAccess in Frameworks */ = {isa = PBXBuildFile; productRef = 109A4A2A2B84DE5700BBCB01 /* KeychainAccess */; };
		109A4A2E2B84E44900BBCB01 /* TabBarController.swift in Sources */ = {isa = PBXBuildFile; fileRef = 109A4A2D2B84E44900BBCB01 /* TabBarController.swift */; };
		109A4A302B84E4B700BBCB01 /* BaseViewController.swift in Sources */ = {isa = PBXBuildFile; fileRef = 109A4A2F2B84E4B700BBCB01 /* BaseViewController.swift */; };
		109A4A332B84E4F500BBCB01 /* TabBarCoordinator.swift in Sources */ = {isa = PBXBuildFile; fileRef = 109A4A322B84E4F500BBCB01 /* TabBarCoordinator.swift */; };
		109A4A372B84F18200BBCB01 /* UIStoryboard+Storyboards.swift in Sources */ = {isa = PBXBuildFile; fileRef = 109A4A362B84F18200BBCB01 /* UIStoryboard+Storyboards.swift */; };
		109A4A3B2B84F36C00BBCB01 /* Homepage.storyboard in Resources */ = {isa = PBXBuildFile; fileRef = 109A4A3A2B84F36C00BBCB01 /* Homepage.storyboard */; };
		109A4A402B84F3AC00BBCB01 /* HomePageCoordinator.swift in Sources */ = {isa = PBXBuildFile; fileRef = 109A4A3F2B84F3AC00BBCB01 /* HomePageCoordinator.swift */; };
		109A4A432B84F3BF00BBCB01 /* HomePageViewController.swift in Sources */ = {isa = PBXBuildFile; fileRef = 109A4A422B84F3BF00BBCB01 /* HomePageViewController.swift */; };
		109A4A452B84F3CF00BBCB01 /* HomePageViewModel.swift in Sources */ = {isa = PBXBuildFile; fileRef = 109A4A442B84F3CF00BBCB01 /* HomePageViewModel.swift */; };
		109A4A472B84F7EE00BBCB01 /* HomePageRepository.swift in Sources */ = {isa = PBXBuildFile; fileRef = 109A4A462B84F7EE00BBCB01 /* HomePageRepository.swift */; };
		109A4A492B84F89100BBCB01 /* SplashViewController.swift in Sources */ = {isa = PBXBuildFile; fileRef = 109A4A482B84F89100BBCB01 /* SplashViewController.swift */; };
		109A4A4B2B84F8B500BBCB01 /* SplashCoordinator.swift in Sources */ = {isa = PBXBuildFile; fileRef = 109A4A4A2B84F8B500BBCB01 /* SplashCoordinator.swift */; };
		109A4A4D2B84F8CB00BBCB01 /* SplashRepository.swift in Sources */ = {isa = PBXBuildFile; fileRef = 109A4A4C2B84F8CB00BBCB01 /* SplashRepository.swift */; };
		109A4A4F2B84F8E200BBCB01 /* SplashViewModel.swift in Sources */ = {isa = PBXBuildFile; fileRef = 109A4A4E2B84F8E200BBCB01 /* SplashViewModel.swift */; };
		109A4A512B84FEDF00BBCB01 /* Array+add.swift in Sources */ = {isa = PBXBuildFile; fileRef = 109A4A502B84FEDF00BBCB01 /* Array+add.swift */; };
		109A4A532B84FF9E00BBCB01 /* Images.swift in Sources */ = {isa = PBXBuildFile; fileRef = 109A4A522B84FF9E00BBCB01 /* Images.swift */; };
		109FCADA2B8883520035E3AE /* Kingfisher in Frameworks */ = {isa = PBXBuildFile; productRef = 109FCAD92B8883520035E3AE /* Kingfisher */; };
		109FCAE72B88B8120035E3AE /* UIView+LoadFromNib.swift in Sources */ = {isa = PBXBuildFile; fileRef = 109FCAE62B88B8120035E3AE /* UIView+LoadFromNib.swift */; };
		109FCAEB2B88C1660035E3AE /* Date+Extension.swift in Sources */ = {isa = PBXBuildFile; fileRef = 109FCAEA2B88C1660035E3AE /* Date+Extension.swift */; };
		109FCAEE2B88F5630035E3AE /* EmptyComponentView.swift in Sources */ = {isa = PBXBuildFile; fileRef = 109FCAED2B88F5630035E3AE /* EmptyComponentView.swift */; };
		109FCAF02B88F5EF0035E3AE /* EmptyComponentView.xib in Resources */ = {isa = PBXBuildFile; fileRef = 109FCAEF2B88F5EF0035E3AE /* EmptyComponentView.xib */; };
		109FCAF22B88F8F30035E3AE /* AppDesign.swift in Sources */ = {isa = PBXBuildFile; fileRef = 109FCAF12B88F8F30035E3AE /* AppDesign.swift */; };
		109FCAF92B88FFC10035E3AE /* NibLoadable.swift in Sources */ = {isa = PBXBuildFile; fileRef = 109FCAF82B88FFC10035E3AE /* NibLoadable.swift */; };
		10AA9B482B861CE40086D7F0 /* UIWindow+ChangeRootView.swift in Sources */ = {isa = PBXBuildFile; fileRef = 10AA9B472B861CE40086D7F0 /* UIWindow+ChangeRootView.swift */; };
		10B2F6552B8A2A5000842D27 /* SnapKit in Frameworks */ = {isa = PBXBuildFile; productRef = 10B2F6542B8A2A5000842D27 /* SnapKit */; };
		10E2B6882B8CD80F00703BC0 /* MovieLandCoreData.xcdatamodeld in Sources */ = {isa = PBXBuildFile; fileRef = 10E2B6862B8CD80F00703BC0 /* MovieLandCoreData.xcdatamodeld */; };
		10E2B68A2B8D282100703BC0 /* CoreDataEntityManager.swift in Sources */ = {isa = PBXBuildFile; fileRef = 10E2B6892B8D282100703BC0 /* CoreDataEntityManager.swift */; };
		10E2B68C2B8D457900703BC0 /* FavoriteViewController+CollectionView.swift in Sources */ = {isa = PBXBuildFile; fileRef = 10E2B68B2B8D457900703BC0 /* FavoriteViewController+CollectionView.swift */; };
		10E2B68E2B8D48A000703BC0 /* FavoriteViewController+Delegate.swift in Sources */ = {isa = PBXBuildFile; fileRef = 10E2B68D2B8D48A000703BC0 /* FavoriteViewController+Delegate.swift */; };
		10E4DF692B8BDF1D002F6CDE /* MovieDetailViewController+Delegate.swift in Sources */ = {isa = PBXBuildFile; fileRef = 10E4DF682B8BDF1D002F6CDE /* MovieDetailViewController+Delegate.swift */; };
		ABCE452E5941741D58B487E9 /* Pods_movie_land.framework in Frameworks */ = {isa = PBXBuildFile; fileRef = 75F72C02847A1694D398396C /* Pods_movie_land.framework */; };
/* End PBXBuildFile section */

/* Begin PBXFileReference section */
		0B0859FF7A5FF158C3DE3992 /* Pods-movie-land.debug.xcconfig */ = {isa = PBXFileReference; includeInIndex = 1; lastKnownFileType = text.xcconfig; name = "Pods-movie-land.debug.xcconfig"; path = "Target Support Files/Pods-movie-land/Pods-movie-land.debug.xcconfig"; sourceTree = "<group>"; };
		101ABA2D2B84C75C0032288F /* movie-land.app */ = {isa = PBXFileReference; explicitFileType = wrapper.application; includeInIndex = 0; path = "movie-land.app"; sourceTree = BUILT_PRODUCTS_DIR; };
		101ABA302B84C75C0032288F /* AppDelegate.swift */ = {isa = PBXFileReference; lastKnownFileType = sourcecode.swift; path = AppDelegate.swift; sourceTree = "<group>"; };
		101ABA392B84C75D0032288F /* Assets.xcassets */ = {isa = PBXFileReference; lastKnownFileType = folder.assetcatalog; path = Assets.xcassets; sourceTree = "<group>"; };
		101ABA3C2B84C75D0032288F /* Base */ = {isa = PBXFileReference; lastKnownFileType = file.storyboard; name = Base; path = Base.lproj/LaunchScreen.storyboard; sourceTree = "<group>"; };
		101ABA3E2B84C75D0032288F /* Info.plist */ = {isa = PBXFileReference; lastKnownFileType = text.plist.xml; path = Info.plist; sourceTree = "<group>"; };
		1027931D2B8A472500A8D13B /* SectionModel.swift */ = {isa = PBXFileReference; lastKnownFileType = sourcecode.swift; path = SectionModel.swift; sourceTree = "<group>"; };
		1027931F2B8A4FB200A8D13B /* HomeMovieItem.swift */ = {isa = PBXFileReference; lastKnownFileType = sourcecode.swift; path = HomeMovieItem.swift; sourceTree = "<group>"; };
		102793212B8A69AF00A8D13B /* GenericExtension.swift */ = {isa = PBXFileReference; lastKnownFileType = sourcecode.swift; path = GenericExtension.swift; sourceTree = "<group>"; };
		102793252B8AB51600A8D13B /* MovieDetailResponse.swift */ = {isa = PBXFileReference; lastKnownFileType = sourcecode.swift; path = MovieDetailResponse.swift; sourceTree = "<group>"; };
		102793272B8ABC6900A8D13B /* HomePageViewController+CollectionView.swift */ = {isa = PBXFileReference; lastKnownFileType = sourcecode.swift; path = "HomePageViewController+CollectionView.swift"; sourceTree = "<group>"; };
		102793292B8ACBA900A8D13B /* AppViewTag.swift */ = {isa = PBXFileReference; lastKnownFileType = sourcecode.swift; path = AppViewTag.swift; sourceTree = "<group>"; };
		1027932F2B8AE1F600A8D13B /* Moviedetail.storyboard */ = {isa = PBXFileReference; lastKnownFileType = file.storyboard; path = Moviedetail.storyboard; sourceTree = "<group>"; };
		102793352B8AE25C00A8D13B /* MovieDetailViewController.swift */ = {isa = PBXFileReference; lastKnownFileType = sourcecode.swift; path = MovieDetailViewController.swift; sourceTree = "<group>"; };
		102793372B8AE26E00A8D13B /* MovieDetailViewModel.swift */ = {isa = PBXFileReference; lastKnownFileType = sourcecode.swift; path = MovieDetailViewModel.swift; sourceTree = "<group>"; };
		102793392B8AE29100A8D13B /* MovieDetailRepository.swift */ = {isa = PBXFileReference; lastKnownFileType = sourcecode.swift; path = MovieDetailRepository.swift; sourceTree = "<group>"; };
		1027933B2B8AE2B700A8D13B /* MovieDetailCoordinator.swift */ = {isa = PBXFileReference; lastKnownFileType = sourcecode.swift; path = MovieDetailCoordinator.swift; sourceTree = "<group>"; };
		1033F4F32B86B7BB00FC5041 /* HomePageViewController+Delegate.swift */ = {isa = PBXFileReference; lastKnownFileType = sourcecode.swift; path = "HomePageViewController+Delegate.swift"; sourceTree = "<group>"; };
		1033F4F62B86C78F00FC5041 /* SearchResponse.swift */ = {isa = PBXFileReference; lastKnownFileType = sourcecode.swift; path = SearchResponse.swift; sourceTree = "<group>"; };
		10383C0D2B86245C007334D8 /* LoadingView.swift */ = {isa = PBXFileReference; lastKnownFileType = sourcecode.swift; path = LoadingView.swift; sourceTree = "<group>"; };
		10383C0F2B8624D4007334D8 /* animation.json */ = {isa = PBXFileReference; fileEncoding = 4; lastKnownFileType = text.json; path = animation.json; sourceTree = "<group>"; };
		103CA1D62B879042000465A5 /* Colors.swift */ = {isa = PBXFileReference; lastKnownFileType = sourcecode.swift; path = Colors.swift; sourceTree = "<group>"; };
		103CA1D92B879131000465A5 /* Favorite.storyboard */ = {isa = PBXFileReference; lastKnownFileType = file.storyboard; path = Favorite.storyboard; sourceTree = "<group>"; };
		103CA1DF2B879199000465A5 /* FavoriteViewController.swift */ = {isa = PBXFileReference; lastKnownFileType = sourcecode.swift; path = FavoriteViewController.swift; sourceTree = "<group>"; };
		103CA1E12B8791C7000465A5 /* FavoriteViewModel.swift */ = {isa = PBXFileReference; lastKnownFileType = sourcecode.swift; path = FavoriteViewModel.swift; sourceTree = "<group>"; };
		103CA1E32B8791FC000465A5 /* FavoriteRepository.swift */ = {isa = PBXFileReference; lastKnownFileType = sourcecode.swift; path = FavoriteRepository.swift; sourceTree = "<group>"; };
		103CA1E52B879217000465A5 /* FavoriteCoordinator.swift */ = {isa = PBXFileReference; lastKnownFileType = sourcecode.swift; path = FavoriteCoordinator.swift; sourceTree = "<group>"; };
		103CA2042B880749000465A5 /* HomepageCollectionViewCell.swift */ = {isa = PBXFileReference; lastKnownFileType = sourcecode.swift; path = HomepageCollectionViewCell.swift; sourceTree = "<group>"; };
		103CA2052B880749000465A5 /* HomepageCollectionViewCell.xib */ = {isa = PBXFileReference; lastKnownFileType = file.xib; path = HomepageCollectionViewCell.xib; sourceTree = "<group>"; };
		103CA2162B882864000465A5 /* HomePageSectionModel.swift */ = {isa = PBXFileReference; lastKnownFileType = sourcecode.swift; path = HomePageSectionModel.swift; sourceTree = "<group>"; };
		106D441B2B892341009A8137 /* Reachability.swift */ = {isa = PBXFileReference; fileEncoding = 4; lastKnownFileType = sourcecode.swift; path = Reachability.swift; sourceTree = "<group>"; };
		109A4A032B84CCBD00BBCB01 /* GoogleService-Info.plist */ = {isa = PBXFileReference; fileEncoding = 4; lastKnownFileType = text.plist.xml; path = "GoogleService-Info.plist"; sourceTree = "<group>"; };
		109A4A0D2B84CDA900BBCB01 /* Splash.storyboard */ = {isa = PBXFileReference; lastKnownFileType = file.storyboard; path = Splash.storyboard; sourceTree = "<group>"; };
		109A4A0F2B84D13400BBCB01 /* AppCoordinator.swift */ = {isa = PBXFileReference; lastKnownFileType = sourcecode.swift; path = AppCoordinator.swift; sourceTree = "<group>"; };
		109A4A122B84D16700BBCB01 /* Coordinator.swift */ = {isa = PBXFileReference; lastKnownFileType = sourcecode.swift; path = Coordinator.swift; sourceTree = "<group>"; };
		109A4A152B84D1B300BBCB01 /* StoryboardIdentifiable.swift */ = {isa = PBXFileReference; lastKnownFileType = sourcecode.swift; path = StoryboardIdentifiable.swift; sourceTree = "<group>"; };
		109A4A182B84D9F900BBCB01 /* Reusable.swift */ = {isa = PBXFileReference; lastKnownFileType = sourcecode.swift; path = Reusable.swift; sourceTree = "<group>"; };
		109A4A1A2B84DA5200BBCB01 /* APIRouter.swift */ = {isa = PBXFileReference; lastKnownFileType = sourcecode.swift; path = APIRouter.swift; sourceTree = "<group>"; };
		109A4A1D2B84DAF300BBCB01 /* Texts.swift */ = {isa = PBXFileReference; lastKnownFileType = sourcecode.swift; path = Texts.swift; sourceTree = "<group>"; };
		109A4A222B84DBF000BBCB01 /* APIClient.swift */ = {isa = PBXFileReference; lastKnownFileType = sourcecode.swift; path = APIClient.swift; sourceTree = "<group>"; };
		109A4A252B84DC3D00BBCB01 /* NetworkingError.swift */ = {isa = PBXFileReference; lastKnownFileType = sourcecode.swift; path = NetworkingError.swift; sourceTree = "<group>"; };
		109A4A272B84DC7600BBCB01 /* AuthNotificationName.swift */ = {isa = PBXFileReference; lastKnownFileType = sourcecode.swift; path = AuthNotificationName.swift; sourceTree = "<group>"; };
		109A4A2D2B84E44900BBCB01 /* TabBarController.swift */ = {isa = PBXFileReference; lastKnownFileType = sourcecode.swift; path = TabBarController.swift; sourceTree = "<group>"; };
		109A4A2F2B84E4B700BBCB01 /* BaseViewController.swift */ = {isa = PBXFileReference; lastKnownFileType = sourcecode.swift; path = BaseViewController.swift; sourceTree = "<group>"; };
		109A4A322B84E4F500BBCB01 /* TabBarCoordinator.swift */ = {isa = PBXFileReference; lastKnownFileType = sourcecode.swift; path = TabBarCoordinator.swift; sourceTree = "<group>"; };
		109A4A362B84F18200BBCB01 /* UIStoryboard+Storyboards.swift */ = {isa = PBXFileReference; lastKnownFileType = sourcecode.swift; path = "UIStoryboard+Storyboards.swift"; sourceTree = "<group>"; };
		109A4A3A2B84F36C00BBCB01 /* Homepage.storyboard */ = {isa = PBXFileReference; lastKnownFileType = file.storyboard; path = Homepage.storyboard; sourceTree = "<group>"; };
		109A4A3F2B84F3AC00BBCB01 /* HomePageCoordinator.swift */ = {isa = PBXFileReference; lastKnownFileType = sourcecode.swift; path = HomePageCoordinator.swift; sourceTree = "<group>"; };
		109A4A422B84F3BF00BBCB01 /* HomePageViewController.swift */ = {isa = PBXFileReference; lastKnownFileType = sourcecode.swift; path = HomePageViewController.swift; sourceTree = "<group>"; };
		109A4A442B84F3CF00BBCB01 /* HomePageViewModel.swift */ = {isa = PBXFileReference; lastKnownFileType = sourcecode.swift; path = HomePageViewModel.swift; sourceTree = "<group>"; };
		109A4A462B84F7EE00BBCB01 /* HomePageRepository.swift */ = {isa = PBXFileReference; lastKnownFileType = sourcecode.swift; path = HomePageRepository.swift; sourceTree = "<group>"; };
		109A4A482B84F89100BBCB01 /* SplashViewController.swift */ = {isa = PBXFileReference; lastKnownFileType = sourcecode.swift; path = SplashViewController.swift; sourceTree = "<group>"; };
		109A4A4A2B84F8B500BBCB01 /* SplashCoordinator.swift */ = {isa = PBXFileReference; lastKnownFileType = sourcecode.swift; path = SplashCoordinator.swift; sourceTree = "<group>"; };
		109A4A4C2B84F8CB00BBCB01 /* SplashRepository.swift */ = {isa = PBXFileReference; lastKnownFileType = sourcecode.swift; path = SplashRepository.swift; sourceTree = "<group>"; };
		109A4A4E2B84F8E200BBCB01 /* SplashViewModel.swift */ = {isa = PBXFileReference; lastKnownFileType = sourcecode.swift; path = SplashViewModel.swift; sourceTree = "<group>"; };
		109A4A502B84FEDF00BBCB01 /* Array+add.swift */ = {isa = PBXFileReference; lastKnownFileType = sourcecode.swift; path = "Array+add.swift"; sourceTree = "<group>"; };
		109A4A522B84FF9E00BBCB01 /* Images.swift */ = {isa = PBXFileReference; lastKnownFileType = sourcecode.swift; path = Images.swift; sourceTree = "<group>"; };
		109FCAE62B88B8120035E3AE /* UIView+LoadFromNib.swift */ = {isa = PBXFileReference; lastKnownFileType = sourcecode.swift; path = "UIView+LoadFromNib.swift"; sourceTree = "<group>"; };
		109FCAEA2B88C1660035E3AE /* Date+Extension.swift */ = {isa = PBXFileReference; lastKnownFileType = sourcecode.swift; path = "Date+Extension.swift"; sourceTree = "<group>"; };
		109FCAED2B88F5630035E3AE /* EmptyComponentView.swift */ = {isa = PBXFileReference; lastKnownFileType = sourcecode.swift; path = EmptyComponentView.swift; sourceTree = "<group>"; };
		109FCAEF2B88F5EF0035E3AE /* EmptyComponentView.xib */ = {isa = PBXFileReference; lastKnownFileType = file.xib; path = EmptyComponentView.xib; sourceTree = "<group>"; };
		109FCAF12B88F8F30035E3AE /* AppDesign.swift */ = {isa = PBXFileReference; lastKnownFileType = sourcecode.swift; path = AppDesign.swift; sourceTree = "<group>"; };
		109FCAF82B88FFC10035E3AE /* NibLoadable.swift */ = {isa = PBXFileReference; lastKnownFileType = sourcecode.swift; path = NibLoadable.swift; sourceTree = "<group>"; };
		10AA9B472B861CE40086D7F0 /* UIWindow+ChangeRootView.swift */ = {isa = PBXFileReference; lastKnownFileType = sourcecode.swift; path = "UIWindow+ChangeRootView.swift"; sourceTree = "<group>"; };
		10E2B6872B8CD80F00703BC0 /* MovieLandCoreData.xcdatamodel */ = {isa = PBXFileReference; lastKnownFileType = wrapper.xcdatamodel; path = MovieLandCoreData.xcdatamodel; sourceTree = "<group>"; };
		10E2B6892B8D282100703BC0 /* CoreDataEntityManager.swift */ = {isa = PBXFileReference; lastKnownFileType = sourcecode.swift; path = CoreDataEntityManager.swift; sourceTree = "<group>"; };
		10E2B68B2B8D457900703BC0 /* FavoriteViewController+CollectionView.swift */ = {isa = PBXFileReference; lastKnownFileType = sourcecode.swift; path = "FavoriteViewController+CollectionView.swift"; sourceTree = "<group>"; };
		10E2B68D2B8D48A000703BC0 /* FavoriteViewController+Delegate.swift */ = {isa = PBXFileReference; lastKnownFileType = sourcecode.swift; path = "FavoriteViewController+Delegate.swift"; sourceTree = "<group>"; };
		10E4DF682B8BDF1D002F6CDE /* MovieDetailViewController+Delegate.swift */ = {isa = PBXFileReference; lastKnownFileType = sourcecode.swift; path = "MovieDetailViewController+Delegate.swift"; sourceTree = "<group>"; };
		1FEA794885CE5D4BCA6191C3 /* Pods-movie-land.release.xcconfig */ = {isa = PBXFileReference; includeInIndex = 1; lastKnownFileType = text.xcconfig; name = "Pods-movie-land.release.xcconfig"; path = "Target Support Files/Pods-movie-land/Pods-movie-land.release.xcconfig"; sourceTree = "<group>"; };
		75F72C02847A1694D398396C /* Pods_movie_land.framework */ = {isa = PBXFileReference; explicitFileType = wrapper.framework; includeInIndex = 0; path = Pods_movie_land.framework; sourceTree = BUILT_PRODUCTS_DIR; };
/* End PBXFileReference section */

/* Begin PBXFrameworksBuildPhase section */
		101ABA2A2B84C75C0032288F /* Frameworks */ = {
			isa = PBXFrameworksBuildPhase;
			buildActionMask = 2147483647;
			files = (
				109A49EF2B84CA0B00BBCB01 /* Moya in Frameworks */,
				109A49ED2B84CA0B00BBCB01 /* CombineMoya in Frameworks */,
				109FCADA2B8883520035E3AE /* Kingfisher in Frameworks */,
				109A49F32B84CA0B00BBCB01 /* RxMoya in Frameworks */,
				106D44172B8902AB009A8137 /* Signals in Frameworks */,
				109A4A2B2B84DE5700BBCB01 /* KeychainAccess in Frameworks */,
				10B2F6552B8A2A5000842D27 /* SnapKit in Frameworks */,
				109A49F12B84CA0B00BBCB01 /* ReactiveMoya in Frameworks */,
				ABCE452E5941741D58B487E9 /* Pods_movie_land.framework in Frameworks */,
			);
			runOnlyForDeploymentPostprocessing = 0;
		};
/* End PBXFrameworksBuildPhase section */

/* Begin PBXGroup section */
		023762CA542F1394361C46B1 /* Frameworks */ = {
			isa = PBXGroup;
			children = (
				75F72C02847A1694D398396C /* Pods_movie_land.framework */,
			);
			name = Frameworks;
			sourceTree = "<group>";
		};
		101ABA242B84C75C0032288F = {
			isa = PBXGroup;
			children = (
				101ABA2F2B84C75C0032288F /* movie-land */,
				101ABA2E2B84C75C0032288F /* Products */,
				26E4296FE0BD2FABEDB8221E /* Pods */,
				023762CA542F1394361C46B1 /* Frameworks */,
			);
			sourceTree = "<group>";
		};
		101ABA2E2B84C75C0032288F /* Products */ = {
			isa = PBXGroup;
			children = (
				101ABA2D2B84C75C0032288F /* movie-land.app */,
			);
			name = Products;
			sourceTree = "<group>";
		};
		101ABA2F2B84C75C0032288F /* movie-land */ = {
			isa = PBXGroup;
			children = (
				109A49EA2B84C98300BBCB01 /* Application */,
				101ABA442B84C7820032288F /* Scenes */,
				101ABA452B84C78A0032288F /* Common */,
				101ABA462B84C7920032288F /* Services */,
				101ABA472B84C79D0032288F /* Supporting Files */,
			);
			path = "movie-land";
			sourceTree = "<group>";
		};
		101ABA442B84C7820032288F /* Scenes */ = {
			isa = PBXGroup;
			children = (
				1027932E2B8AE1CB00A8D13B /* MovieDetail Screen */,
				103CA1D82B879119000465A5 /* Favorite Screen */,
				109A4A342B84E5A700BBCB01 /* HomePage Screen */,
				109A4A052B84CD3800BBCB01 /* Splash Screen */,
			);
			path = Scenes;
			sourceTree = "<group>";
		};
		101ABA452B84C78A0032288F /* Common */ = {
			isa = PBXGroup;
			children = (
				1033F4EF2B86B42800FC5041 /* Models */,
				10383C0B2B862441007334D8 /* Views */,
				109A4A352B84F16300BBCB01 /* Extensions */,
				109A4A242B84DC2900BBCB01 /* Enums */,
				109A4A1F2B84DB4E00BBCB01 /* Managers */,
				109A4A172B84D1DC00BBCB01 /* Constants */,
				109A4A112B84D15D00BBCB01 /* Protocols */,
			);
			path = Common;
			sourceTree = "<group>";
		};
		101ABA462B84C7920032288F /* Services */ = {
			isa = PBXGroup;
			children = (
				109A4A1A2B84DA5200BBCB01 /* APIRouter.swift */,
				109A4A222B84DBF000BBCB01 /* APIClient.swift */,
			);
			path = Services;
			sourceTree = "<group>";
		};
		101ABA472B84C79D0032288F /* Supporting Files */ = {
			isa = PBXGroup;
			children = (
				10E2B6862B8CD80F00703BC0 /* MovieLandCoreData.xcdatamodeld */,
				101ABA392B84C75D0032288F /* Assets.xcassets */,
				101ABA3B2B84C75D0032288F /* LaunchScreen.storyboard */,
				109A4A032B84CCBD00BBCB01 /* GoogleService-Info.plist */,
				101ABA3E2B84C75D0032288F /* Info.plist */,
			);
			path = "Supporting Files";
			sourceTree = "<group>";
		};
		1027932E2B8AE1CB00A8D13B /* MovieDetail Screen */ = {
			isa = PBXGroup;
			children = (
				1027932F2B8AE1F600A8D13B /* Moviedetail.storyboard */,
				102793342B8AE23200A8D13B /* Coordinator */,
				102793332B8AE22500A8D13B /* Repository */,
				102793322B8AE21A00A8D13B /* ViewModels */,
				102793312B8AE20200A8D13B /* ViewControllers */,
			);
			path = "MovieDetail Screen";
			sourceTree = "<group>";
		};
		102793312B8AE20200A8D13B /* ViewControllers */ = {
			isa = PBXGroup;
			children = (
				102793352B8AE25C00A8D13B /* MovieDetailViewController.swift */,
				10E4DF682B8BDF1D002F6CDE /* MovieDetailViewController+Delegate.swift */,
			);
			path = ViewControllers;
			sourceTree = "<group>";
		};
		102793322B8AE21A00A8D13B /* ViewModels */ = {
			isa = PBXGroup;
			children = (
				102793372B8AE26E00A8D13B /* MovieDetailViewModel.swift */,
			);
			path = ViewModels;
			sourceTree = "<group>";
		};
		102793332B8AE22500A8D13B /* Repository */ = {
			isa = PBXGroup;
			children = (
				102793392B8AE29100A8D13B /* MovieDetailRepository.swift */,
			);
			path = Repository;
			sourceTree = "<group>";
		};
		102793342B8AE23200A8D13B /* Coordinator */ = {
			isa = PBXGroup;
			children = (
				1027933B2B8AE2B700A8D13B /* MovieDetailCoordinator.swift */,
			);
			path = Coordinator;
			sourceTree = "<group>";
		};
		1033F4EF2B86B42800FC5041 /* Models */ = {
			isa = PBXGroup;
			children = (
				1033F4F02B86B42B00FC5041 /* Responses */,
			);
			path = Models;
			sourceTree = "<group>";
		};
		1033F4F02B86B42B00FC5041 /* Responses */ = {
			isa = PBXGroup;
			children = (
				1033F4F62B86C78F00FC5041 /* SearchResponse.swift */,
				102793252B8AB51600A8D13B /* MovieDetailResponse.swift */,
			);
			path = Responses;
			sourceTree = "<group>";
		};
		10383C0B2B862441007334D8 /* Views */ = {
			isa = PBXGroup;
			children = (
				109FCAEC2B88F5280035E3AE /* EmptyComponentView */,
				10383C0C2B862448007334D8 /* Loading View */,
			);
			path = Views;
			sourceTree = "<group>";
		};
		10383C0C2B862448007334D8 /* Loading View */ = {
			isa = PBXGroup;
			children = (
				10383C0D2B86245C007334D8 /* LoadingView.swift */,
				10383C0F2B8624D4007334D8 /* animation.json */,
			);
			path = "Loading View";
			sourceTree = "<group>";
		};
		103CA1D82B879119000465A5 /* Favorite Screen */ = {
			isa = PBXGroup;
			children = (
				103CA1D92B879131000465A5 /* Favorite.storyboard */,
				103CA1DE2B879153000465A5 /* Coordinator */,
				103CA1DD2B879143000465A5 /* Repository */,
				103CA1DC2B87913C000465A5 /* ViewModels */,
				103CA1DB2B879135000465A5 /* ViewControllers */,
			);
			path = "Favorite Screen";
			sourceTree = "<group>";
		};
		103CA1DB2B879135000465A5 /* ViewControllers */ = {
			isa = PBXGroup;
			children = (
				103CA1DF2B879199000465A5 /* FavoriteViewController.swift */,
				10E2B68D2B8D48A000703BC0 /* FavoriteViewController+Delegate.swift */,
				10E2B68B2B8D457900703BC0 /* FavoriteViewController+CollectionView.swift */,
			);
			path = ViewControllers;
			sourceTree = "<group>";
		};
		103CA1DC2B87913C000465A5 /* ViewModels */ = {
			isa = PBXGroup;
			children = (
				103CA1E12B8791C7000465A5 /* FavoriteViewModel.swift */,
			);
			path = ViewModels;
			sourceTree = "<group>";
		};
		103CA1DD2B879143000465A5 /* Repository */ = {
			isa = PBXGroup;
			children = (
				103CA1E32B8791FC000465A5 /* FavoriteRepository.swift */,
			);
			path = Repository;
			sourceTree = "<group>";
		};
		103CA1DE2B879153000465A5 /* Coordinator */ = {
			isa = PBXGroup;
			children = (
				103CA1E52B879217000465A5 /* FavoriteCoordinator.swift */,
			);
			path = Coordinator;
			sourceTree = "<group>";
		};
		103CA2012B88060E000465A5 /* Cells */ = {
			isa = PBXGroup;
			children = (
				103CA2022B8806EE000465A5 /* HomepageCollectionViewCell */,
			);
			path = Cells;
			sourceTree = "<group>";
		};
		103CA2022B8806EE000465A5 /* HomepageCollectionViewCell */ = {
			isa = PBXGroup;
			children = (
				103CA2052B880749000465A5 /* HomepageCollectionViewCell.xib */,
				103CA2042B880749000465A5 /* HomepageCollectionViewCell.swift */,
			);
			path = HomepageCollectionViewCell;
			sourceTree = "<group>";
		};
		103CA2132B882801000465A5 /* Models */ = {
			isa = PBXGroup;
			children = (
				103CA2162B882864000465A5 /* HomePageSectionModel.swift */,
				1027931F2B8A4FB200A8D13B /* HomeMovieItem.swift */,
			);
			path = Models;
			sourceTree = "<group>";
		};
		109A49EA2B84C98300BBCB01 /* Application */ = {
			isa = PBXGroup;
			children = (
				109A4A2C2B84E41B00BBCB01 /* TabBar */,
				101ABA302B84C75C0032288F /* AppDelegate.swift */,
				109A4A0F2B84D13400BBCB01 /* AppCoordinator.swift */,
				109FCAF12B88F8F30035E3AE /* AppDesign.swift */,
				109A4A2F2B84E4B700BBCB01 /* BaseViewController.swift */,
			);
			path = Application;
			sourceTree = "<group>";
		};
		109A4A052B84CD3800BBCB01 /* Splash Screen */ = {
			isa = PBXGroup;
			children = (
				109A4A0D2B84CDA900BBCB01 /* Splash.storyboard */,
				109A4A0B2B84CD8200BBCB01 /* Coordinator */,
				109A4A0A2B84CD6D00BBCB01 /* Repository */,
				109A4A072B84CD4F00BBCB01 /* ViewModels */,
				109A4A062B84CD4000BBCB01 /* ViewControllers */,
			);
			path = "Splash Screen";
			sourceTree = "<group>";
		};
		109A4A062B84CD4000BBCB01 /* ViewControllers */ = {
			isa = PBXGroup;
			children = (
				109A4A482B84F89100BBCB01 /* SplashViewController.swift */,
			);
			path = ViewControllers;
			sourceTree = "<group>";
		};
		109A4A072B84CD4F00BBCB01 /* ViewModels */ = {
			isa = PBXGroup;
			children = (
				109A4A4E2B84F8E200BBCB01 /* SplashViewModel.swift */,
			);
			path = ViewModels;
			sourceTree = "<group>";
		};
		109A4A0A2B84CD6D00BBCB01 /* Repository */ = {
			isa = PBXGroup;
			children = (
				109A4A4C2B84F8CB00BBCB01 /* SplashRepository.swift */,
			);
			path = Repository;
			sourceTree = "<group>";
		};
		109A4A0B2B84CD8200BBCB01 /* Coordinator */ = {
			isa = PBXGroup;
			children = (
				109A4A4A2B84F8B500BBCB01 /* SplashCoordinator.swift */,
			);
			path = Coordinator;
			sourceTree = "<group>";
		};
		109A4A112B84D15D00BBCB01 /* Protocols */ = {
			isa = PBXGroup;
			children = (
				109A4A122B84D16700BBCB01 /* Coordinator.swift */,
				109A4A152B84D1B300BBCB01 /* StoryboardIdentifiable.swift */,
				109A4A182B84D9F900BBCB01 /* Reusable.swift */,
				109FCAF82B88FFC10035E3AE /* NibLoadable.swift */,
				1027931D2B8A472500A8D13B /* SectionModel.swift */,
			);
			path = Protocols;
			sourceTree = "<group>";
		};
		109A4A172B84D1DC00BBCB01 /* Constants */ = {
			isa = PBXGroup;
			children = (
				109A4A1D2B84DAF300BBCB01 /* Texts.swift */,
				109A4A522B84FF9E00BBCB01 /* Images.swift */,
				103CA1D62B879042000465A5 /* Colors.swift */,
			);
			path = Constants;
			sourceTree = "<group>";
		};
		109A4A1F2B84DB4E00BBCB01 /* Managers */ = {
			isa = PBXGroup;
			children = (
				106D441B2B892341009A8137 /* Reachability.swift */,
				10E2B6892B8D282100703BC0 /* CoreDataEntityManager.swift */,
			);
			path = Managers;
			sourceTree = "<group>";
		};
		109A4A242B84DC2900BBCB01 /* Enums */ = {
			isa = PBXGroup;
			children = (
				109A4A252B84DC3D00BBCB01 /* NetworkingError.swift */,
				109A4A272B84DC7600BBCB01 /* AuthNotificationName.swift */,
			);
			path = Enums;
			sourceTree = "<group>";
		};
		109A4A2C2B84E41B00BBCB01 /* TabBar */ = {
			isa = PBXGroup;
			children = (
				109A4A2D2B84E44900BBCB01 /* TabBarController.swift */,
				109A4A322B84E4F500BBCB01 /* TabBarCoordinator.swift */,
			);
			path = TabBar;
			sourceTree = "<group>";
		};
		109A4A342B84E5A700BBCB01 /* HomePage Screen */ = {
			isa = PBXGroup;
			children = (
				109A4A3A2B84F36C00BBCB01 /* Homepage.storyboard */,
				109A4A3E2B84F39200BBCB01 /* Coordinator */,
				109A4A3D2B84F38700BBCB01 /* Repository */,
				103CA2132B882801000465A5 /* Models */,
				109A4A392B84F36200BBCB01 /* ViewModels */,
				109A4A382B84F35800BBCB01 /* ViewControllers */,
				103CA2012B88060E000465A5 /* Cells */,
			);
			path = "HomePage Screen";
			sourceTree = "<group>";
		};
		109A4A352B84F16300BBCB01 /* Extensions */ = {
			isa = PBXGroup;
			children = (
				109A4A362B84F18200BBCB01 /* UIStoryboard+Storyboards.swift */,
				109A4A502B84FEDF00BBCB01 /* Array+add.swift */,
				10AA9B472B861CE40086D7F0 /* UIWindow+ChangeRootView.swift */,
				109FCAE62B88B8120035E3AE /* UIView+LoadFromNib.swift */,
				109FCAEA2B88C1660035E3AE /* Date+Extension.swift */,
				102793212B8A69AF00A8D13B /* GenericExtension.swift */,
				102793292B8ACBA900A8D13B /* AppViewTag.swift */,
			);
			path = Extensions;
			sourceTree = "<group>";
		};
		109A4A382B84F35800BBCB01 /* ViewControllers */ = {
			isa = PBXGroup;
			children = (
				109A4A422B84F3BF00BBCB01 /* HomePageViewController.swift */,
				1033F4F32B86B7BB00FC5041 /* HomePageViewController+Delegate.swift */,
				102793272B8ABC6900A8D13B /* HomePageViewController+CollectionView.swift */,
			);
			path = ViewControllers;
			sourceTree = "<group>";
		};
		109A4A392B84F36200BBCB01 /* ViewModels */ = {
			isa = PBXGroup;
			children = (
				109A4A442B84F3CF00BBCB01 /* HomePageViewModel.swift */,
			);
			path = ViewModels;
			sourceTree = "<group>";
		};
		109A4A3D2B84F38700BBCB01 /* Repository */ = {
			isa = PBXGroup;
			children = (
				109A4A462B84F7EE00BBCB01 /* HomePageRepository.swift */,
			);
			path = Repository;
			sourceTree = "<group>";
		};
		109A4A3E2B84F39200BBCB01 /* Coordinator */ = {
			isa = PBXGroup;
			children = (
				109A4A3F2B84F3AC00BBCB01 /* HomePageCoordinator.swift */,
			);
			path = Coordinator;
			sourceTree = "<group>";
		};
		109FCAEC2B88F5280035E3AE /* EmptyComponentView */ = {
			isa = PBXGroup;
			children = (
				109FCAED2B88F5630035E3AE /* EmptyComponentView.swift */,
				109FCAEF2B88F5EF0035E3AE /* EmptyComponentView.xib */,
			);
			path = EmptyComponentView;
			sourceTree = "<group>";
		};
		26E4296FE0BD2FABEDB8221E /* Pods */ = {
			isa = PBXGroup;
			children = (
				0B0859FF7A5FF158C3DE3992 /* Pods-movie-land.debug.xcconfig */,
				1FEA794885CE5D4BCA6191C3 /* Pods-movie-land.release.xcconfig */,
			);
			path = Pods;
			sourceTree = "<group>";
		};
/* End PBXGroup section */

/* Begin PBXNativeTarget section */
		101ABA2C2B84C75C0032288F /* movie-land */ = {
			isa = PBXNativeTarget;
			buildConfigurationList = 101ABA412B84C75D0032288F /* Build configuration list for PBXNativeTarget "movie-land" */;
			buildPhases = (
				7F7B6B7A6A4AD2758B32CA36 /* [CP] Check Pods Manifest.lock */,
				101ABA292B84C75C0032288F /* Sources */,
				101ABA2A2B84C75C0032288F /* Frameworks */,
				101ABA2B2B84C75C0032288F /* Resources */,
				5C5E7A0A68218DBD962F5142 /* [CP] Embed Pods Frameworks */,
			);
			buildRules = (
			);
			dependencies = (
			);
			name = "movie-land";
			packageProductDependencies = (
				109A49EC2B84CA0B00BBCB01 /* CombineMoya */,
				109A49EE2B84CA0B00BBCB01 /* Moya */,
				109A49F02B84CA0B00BBCB01 /* ReactiveMoya */,
				109A49F22B84CA0B00BBCB01 /* RxMoya */,
				109A4A2A2B84DE5700BBCB01 /* KeychainAccess */,
				109FCAD92B8883520035E3AE /* Kingfisher */,
				106D44162B8902AB009A8137 /* Signals */,
				10B2F6542B8A2A5000842D27 /* SnapKit */,
			);
			productName = "movie-land";
			productReference = 101ABA2D2B84C75C0032288F /* movie-land.app */;
			productType = "com.apple.product-type.application";
		};
/* End PBXNativeTarget section */

/* Begin PBXProject section */
		101ABA252B84C75C0032288F /* Project object */ = {
			isa = PBXProject;
			attributes = {
				BuildIndependentTargetsInParallel = 1;
				LastSwiftUpdateCheck = 1430;
				LastUpgradeCheck = 1430;
				TargetAttributes = {
					101ABA2C2B84C75C0032288F = {
						CreatedOnToolsVersion = 14.3.1;
					};
				};
			};
			buildConfigurationList = 101ABA282B84C75C0032288F /* Build configuration list for PBXProject "movie-land" */;
			compatibilityVersion = "Xcode 14.0";
			developmentRegion = en;
			hasScannedForEncodings = 0;
			knownRegions = (
				en,
				Base,
			);
			mainGroup = 101ABA242B84C75C0032288F;
			packageReferences = (
				109A49EB2B84CA0B00BBCB01 /* XCRemoteSwiftPackageReference "Moya" */,
				109A4A292B84DE5700BBCB01 /* XCRemoteSwiftPackageReference "KeychainAccess" */,
				109FCAD82B8883520035E3AE /* XCRemoteSwiftPackageReference "Kingfisher" */,
				106D44152B8902AB009A8137 /* XCRemoteSwiftPackageReference "Signals" */,
				10B2F6532B8A2A5000842D27 /* XCRemoteSwiftPackageReference "SnapKit" */,
			);
			productRefGroup = 101ABA2E2B84C75C0032288F /* Products */;
			projectDirPath = "";
			projectRoot = "";
			targets = (
				101ABA2C2B84C75C0032288F /* movie-land */,
			);
		};
/* End PBXProject section */

/* Begin PBXResourcesBuildPhase section */
		101ABA2B2B84C75C0032288F /* Resources */ = {
			isa = PBXResourcesBuildPhase;
			buildActionMask = 2147483647;
			files = (
				102793302B8AE1F600A8D13B /* Moviedetail.storyboard in Resources */,
				109A4A3B2B84F36C00BBCB01 /* Homepage.storyboard in Resources */,
				101ABA3D2B84C75D0032288F /* LaunchScreen.storyboard in Resources */,
				109FCAF02B88F5EF0035E3AE /* EmptyComponentView.xib in Resources */,
				101ABA3A2B84C75D0032288F /* Assets.xcassets in Resources */,
				109A4A042B84CCBD00BBCB01 /* GoogleService-Info.plist in Resources */,
				103CA2072B880749000465A5 /* HomepageCollectionViewCell.xib in Resources */,
				10383C102B8624D4007334D8 /* animation.json in Resources */,
				103CA1DA2B879131000465A5 /* Favorite.storyboard in Resources */,
				109A4A0E2B84CDA900BBCB01 /* Splash.storyboard in Resources */,
			);
			runOnlyForDeploymentPostprocessing = 0;
		};
/* End PBXResourcesBuildPhase section */

/* Begin PBXShellScriptBuildPhase section */
		5C5E7A0A68218DBD962F5142 /* [CP] Embed Pods Frameworks */ = {
			isa = PBXShellScriptBuildPhase;
			buildActionMask = 2147483647;
			files = (
			);
			inputFileListPaths = (
				"${PODS_ROOT}/Target Support Files/Pods-movie-land/Pods-movie-land-frameworks-${CONFIGURATION}-input-files.xcfilelist",
			);
			name = "[CP] Embed Pods Frameworks";
			outputFileListPaths = (
				"${PODS_ROOT}/Target Support Files/Pods-movie-land/Pods-movie-land-frameworks-${CONFIGURATION}-output-files.xcfilelist",
			);
			runOnlyForDeploymentPostprocessing = 0;
			shellPath = /bin/sh;
			shellScript = "\"${PODS_ROOT}/Target Support Files/Pods-movie-land/Pods-movie-land-frameworks.sh\"\n";
			showEnvVarsInLog = 0;
		};
		7F7B6B7A6A4AD2758B32CA36 /* [CP] Check Pods Manifest.lock */ = {
			isa = PBXShellScriptBuildPhase;
			buildActionMask = 2147483647;
			files = (
			);
			inputFileListPaths = (
			);
			inputPaths = (
				"${PODS_PODFILE_DIR_PATH}/Podfile.lock",
				"${PODS_ROOT}/Manifest.lock",
			);
			name = "[CP] Check Pods Manifest.lock";
			outputFileListPaths = (
			);
			outputPaths = (
				"$(DERIVED_FILE_DIR)/Pods-movie-land-checkManifestLockResult.txt",
			);
			runOnlyForDeploymentPostprocessing = 0;
			shellPath = /bin/sh;
			shellScript = "diff \"${PODS_PODFILE_DIR_PATH}/Podfile.lock\" \"${PODS_ROOT}/Manifest.lock\" > /dev/null\nif [ $? != 0 ] ; then\n    # print error to STDERR\n    echo \"error: The sandbox is not in sync with the Podfile.lock. Run 'pod install' or update your CocoaPods installation.\" >&2\n    exit 1\nfi\n# This output is used by Xcode 'outputs' to avoid re-running this script phase.\necho \"SUCCESS\" > \"${SCRIPT_OUTPUT_FILE_0}\"\n";
			showEnvVarsInLog = 0;
		};
/* End PBXShellScriptBuildPhase section */

/* Begin PBXSourcesBuildPhase section */
		101ABA292B84C75C0032288F /* Sources */ = {
			isa = PBXSourcesBuildPhase;
			buildActionMask = 2147483647;
			files = (
				10AA9B482B861CE40086D7F0 /* UIWindow+ChangeRootView.swift in Sources */,
				109FCAF22B88F8F30035E3AE /* AppDesign.swift in Sources */,
				109FCAEB2B88C1660035E3AE /* Date+Extension.swift in Sources */,
				1027932A2B8ACBA900A8D13B /* AppViewTag.swift in Sources */,
				109A4A4D2B84F8CB00BBCB01 /* SplashRepository.swift in Sources */,
				109A4A302B84E4B700BBCB01 /* BaseViewController.swift in Sources */,
				109A4A282B84DC7600BBCB01 /* AuthNotificationName.swift in Sources */,
				109A4A452B84F3CF00BBCB01 /* HomePageViewModel.swift in Sources */,
				103CA1D72B879042000465A5 /* Colors.swift in Sources */,
				103CA1E02B879199000465A5 /* FavoriteViewController.swift in Sources */,
				109A4A162B84D1B300BBCB01 /* StoryboardIdentifiable.swift in Sources */,
				103CA1E62B879217000465A5 /* FavoriteCoordinator.swift in Sources */,
				109FCAE72B88B8120035E3AE /* UIView+LoadFromNib.swift in Sources */,
				10E2B68E2B8D48A000703BC0 /* FavoriteViewController+Delegate.swift in Sources */,
				1027933C2B8AE2B700A8D13B /* MovieDetailCoordinator.swift in Sources */,
				109A4A472B84F7EE00BBCB01 /* HomePageRepository.swift in Sources */,
				10E4DF692B8BDF1D002F6CDE /* MovieDetailViewController+Delegate.swift in Sources */,
				10383C0E2B86245C007334D8 /* LoadingView.swift in Sources */,
				109A4A1E2B84DAF300BBCB01 /* Texts.swift in Sources */,
				109A4A1B2B84DA5200BBCB01 /* APIRouter.swift in Sources */,
				109A4A262B84DC3D00BBCB01 /* NetworkingError.swift in Sources */,
				109A4A102B84D13400BBCB01 /* AppCoordinator.swift in Sources */,
				101ABA312B84C75C0032288F /* AppDelegate.swift in Sources */,
				102793222B8A69AF00A8D13B /* GenericExtension.swift in Sources */,
				109A4A132B84D16700BBCB01 /* Coordinator.swift in Sources */,
				109A4A332B84E4F500BBCB01 /* TabBarCoordinator.swift in Sources */,
				103CA1E22B8791C7000465A5 /* FavoriteViewModel.swift in Sources */,
				109A4A2E2B84E44900BBCB01 /* TabBarController.swift in Sources */,
				10E2B6882B8CD80F00703BC0 /* MovieLandCoreData.xcdatamodeld in Sources */,
				109A4A192B84D9F900BBCB01 /* Reusable.swift in Sources */,
				10E2B68C2B8D457900703BC0 /* FavoriteViewController+CollectionView.swift in Sources */,
				1027933A2B8AE29100A8D13B /* MovieDetailRepository.swift in Sources */,
				109A4A232B84DBF000BBCB01 /* APIClient.swift in Sources */,
				109A4A402B84F3AC00BBCB01 /* HomePageCoordinator.swift in Sources */,
				109A4A372B84F18200BBCB01 /* UIStoryboard+Storyboards.swift in Sources */,
				109FCAF92B88FFC10035E3AE /* NibLoadable.swift in Sources */,
				109A4A4B2B84F8B500BBCB01 /* SplashCoordinator.swift in Sources */,
				109A4A432B84F3BF00BBCB01 /* HomePageViewController.swift in Sources */,
				1027931E2B8A472500A8D13B /* SectionModel.swift in Sources */,
				10E2B68A2B8D282100703BC0 /* CoreDataEntityManager.swift in Sources */,
				103CA2172B882864000465A5 /* HomePageSectionModel.swift in Sources */,
				102793282B8ABC6900A8D13B /* HomePageViewController+CollectionView.swift in Sources */,
				109A4A512B84FEDF00BBCB01 /* Array+add.swift in Sources */,
				1033F4F42B86B7BB00FC5041 /* HomePageViewController+Delegate.swift in Sources */,
				106D441C2B892342009A8137 /* Reachability.swift in Sources */,
				102793262B8AB51600A8D13B /* MovieDetailResponse.swift in Sources */,
				109FCAEE2B88F5630035E3AE /* EmptyComponentView.swift in Sources */,
				103CA1E42B8791FC000465A5 /* FavoriteRepository.swift in Sources */,
				109A4A532B84FF9E00BBCB01 /* Images.swift in Sources */,
				103CA2062B880749000465A5 /* HomepageCollectionViewCell.swift in Sources */,
				109A4A4F2B84F8E200BBCB01 /* SplashViewModel.swift in Sources */,
				1033F4F72B86C78F00FC5041 /* SearchResponse.swift in Sources */,
				102793382B8AE26E00A8D13B /* MovieDetailViewModel.swift in Sources */,
				102793362B8AE25C00A8D13B /* MovieDetailViewController.swift in Sources */,
				109A4A492B84F89100BBCB01 /* SplashViewController.swift in Sources */,
				102793202B8A4FB200A8D13B /* HomeMovieItem.swift in Sources */,
			);
			runOnlyForDeploymentPostprocessing = 0;
		};
/* End PBXSourcesBuildPhase section */

/* Begin PBXVariantGroup section */
		101ABA3B2B84C75D0032288F /* LaunchScreen.storyboard */ = {
			isa = PBXVariantGroup;
			children = (
				101ABA3C2B84C75D0032288F /* Base */,
			);
			name = LaunchScreen.storyboard;
			sourceTree = "<group>";
		};
/* End PBXVariantGroup section */

/* Begin XCBuildConfiguration section */
		101ABA3F2B84C75D0032288F /* Debug */ = {
			isa = XCBuildConfiguration;
			buildSettings = {
				ALWAYS_SEARCH_USER_PATHS = NO;
				CLANG_ANALYZER_NONNULL = YES;
				CLANG_ANALYZER_NUMBER_OBJECT_CONVERSION = YES_AGGRESSIVE;
				CLANG_CXX_LANGUAGE_STANDARD = "gnu++20";
				CLANG_ENABLE_MODULES = YES;
				CLANG_ENABLE_OBJC_ARC = YES;
				CLANG_ENABLE_OBJC_WEAK = YES;
				CLANG_WARN_BLOCK_CAPTURE_AUTORELEASING = YES;
				CLANG_WARN_BOOL_CONVERSION = YES;
				CLANG_WARN_COMMA = YES;
				CLANG_WARN_CONSTANT_CONVERSION = YES;
				CLANG_WARN_DEPRECATED_OBJC_IMPLEMENTATIONS = YES;
				CLANG_WARN_DIRECT_OBJC_ISA_USAGE = YES_ERROR;
				CLANG_WARN_DOCUMENTATION_COMMENTS = YES;
				CLANG_WARN_EMPTY_BODY = YES;
				CLANG_WARN_ENUM_CONVERSION = YES;
				CLANG_WARN_INFINITE_RECURSION = YES;
				CLANG_WARN_INT_CONVERSION = YES;
				CLANG_WARN_NON_LITERAL_NULL_CONVERSION = YES;
				CLANG_WARN_OBJC_IMPLICIT_RETAIN_SELF = YES;
				CLANG_WARN_OBJC_LITERAL_CONVERSION = YES;
				CLANG_WARN_OBJC_ROOT_CLASS = YES_ERROR;
				CLANG_WARN_QUOTED_INCLUDE_IN_FRAMEWORK_HEADER = YES;
				CLANG_WARN_RANGE_LOOP_ANALYSIS = YES;
				CLANG_WARN_STRICT_PROTOTYPES = YES;
				CLANG_WARN_SUSPICIOUS_MOVE = YES;
				CLANG_WARN_UNGUARDED_AVAILABILITY = YES_AGGRESSIVE;
				CLANG_WARN_UNREACHABLE_CODE = YES;
				CLANG_WARN__DUPLICATE_METHOD_MATCH = YES;
				COPY_PHASE_STRIP = NO;
				DEBUG_INFORMATION_FORMAT = dwarf;
				ENABLE_STRICT_OBJC_MSGSEND = YES;
				ENABLE_TESTABILITY = YES;
				GCC_C_LANGUAGE_STANDARD = gnu11;
				GCC_DYNAMIC_NO_PIC = NO;
				GCC_NO_COMMON_BLOCKS = YES;
				GCC_OPTIMIZATION_LEVEL = 0;
				GCC_PREPROCESSOR_DEFINITIONS = (
					"DEBUG=1",
					"$(inherited)",
				);
				GCC_WARN_64_TO_32_BIT_CONVERSION = YES;
				GCC_WARN_ABOUT_RETURN_TYPE = YES_ERROR;
				GCC_WARN_UNDECLARED_SELECTOR = YES;
				GCC_WARN_UNINITIALIZED_AUTOS = YES_AGGRESSIVE;
				GCC_WARN_UNUSED_FUNCTION = YES;
				GCC_WARN_UNUSED_VARIABLE = YES;
				IPHONEOS_DEPLOYMENT_TARGET = 13.0;
				MTL_ENABLE_DEBUG_INFO = INCLUDE_SOURCE;
				MTL_FAST_MATH = YES;
				ONLY_ACTIVE_ARCH = YES;
				SDKROOT = iphoneos;
				SWIFT_ACTIVE_COMPILATION_CONDITIONS = DEBUG;
				SWIFT_OPTIMIZATION_LEVEL = "-Onone";
			};
			name = Debug;
		};
		101ABA402B84C75D0032288F /* Release */ = {
			isa = XCBuildConfiguration;
			buildSettings = {
				ALWAYS_SEARCH_USER_PATHS = NO;
				CLANG_ANALYZER_NONNULL = YES;
				CLANG_ANALYZER_NUMBER_OBJECT_CONVERSION = YES_AGGRESSIVE;
				CLANG_CXX_LANGUAGE_STANDARD = "gnu++20";
				CLANG_ENABLE_MODULES = YES;
				CLANG_ENABLE_OBJC_ARC = YES;
				CLANG_ENABLE_OBJC_WEAK = YES;
				CLANG_WARN_BLOCK_CAPTURE_AUTORELEASING = YES;
				CLANG_WARN_BOOL_CONVERSION = YES;
				CLANG_WARN_COMMA = YES;
				CLANG_WARN_CONSTANT_CONVERSION = YES;
				CLANG_WARN_DEPRECATED_OBJC_IMPLEMENTATIONS = YES;
				CLANG_WARN_DIRECT_OBJC_ISA_USAGE = YES_ERROR;
				CLANG_WARN_DOCUMENTATION_COMMENTS = YES;
				CLANG_WARN_EMPTY_BODY = YES;
				CLANG_WARN_ENUM_CONVERSION = YES;
				CLANG_WARN_INFINITE_RECURSION = YES;
				CLANG_WARN_INT_CONVERSION = YES;
				CLANG_WARN_NON_LITERAL_NULL_CONVERSION = YES;
				CLANG_WARN_OBJC_IMPLICIT_RETAIN_SELF = YES;
				CLANG_WARN_OBJC_LITERAL_CONVERSION = YES;
				CLANG_WARN_OBJC_ROOT_CLASS = YES_ERROR;
				CLANG_WARN_QUOTED_INCLUDE_IN_FRAMEWORK_HEADER = YES;
				CLANG_WARN_RANGE_LOOP_ANALYSIS = YES;
				CLANG_WARN_STRICT_PROTOTYPES = YES;
				CLANG_WARN_SUSPICIOUS_MOVE = YES;
				CLANG_WARN_UNGUARDED_AVAILABILITY = YES_AGGRESSIVE;
				CLANG_WARN_UNREACHABLE_CODE = YES;
				CLANG_WARN__DUPLICATE_METHOD_MATCH = YES;
				COPY_PHASE_STRIP = NO;
				DEBUG_INFORMATION_FORMAT = "dwarf-with-dsym";
				ENABLE_NS_ASSERTIONS = NO;
				ENABLE_STRICT_OBJC_MSGSEND = YES;
				GCC_C_LANGUAGE_STANDARD = gnu11;
				GCC_NO_COMMON_BLOCKS = YES;
				GCC_WARN_64_TO_32_BIT_CONVERSION = YES;
				GCC_WARN_ABOUT_RETURN_TYPE = YES_ERROR;
				GCC_WARN_UNDECLARED_SELECTOR = YES;
				GCC_WARN_UNINITIALIZED_AUTOS = YES_AGGRESSIVE;
				GCC_WARN_UNUSED_FUNCTION = YES;
				GCC_WARN_UNUSED_VARIABLE = YES;
				IPHONEOS_DEPLOYMENT_TARGET = 13.0;
				MTL_ENABLE_DEBUG_INFO = NO;
				MTL_FAST_MATH = YES;
				SDKROOT = iphoneos;
				SWIFT_COMPILATION_MODE = wholemodule;
				SWIFT_OPTIMIZATION_LEVEL = "-O";
				VALIDATE_PRODUCT = YES;
			};
			name = Release;
		};
		101ABA422B84C75D0032288F /* Debug */ = {
			isa = XCBuildConfiguration;
			baseConfigurationReference = 0B0859FF7A5FF158C3DE3992 /* Pods-movie-land.debug.xcconfig */;
			buildSettings = {
				ASSETCATALOG_COMPILER_APPICON_NAME = AppIcon;
				ASSETCATALOG_COMPILER_GLOBAL_ACCENT_COLOR_NAME = AccentColor;
				CODE_SIGN_STYLE = Automatic;
				CURRENT_PROJECT_VERSION = 1;
				DEVELOPMENT_TEAM = VTU49DY9F4;
				GENERATE_INFOPLIST_FILE = YES;
				INFOPLIST_FILE = "movie-land/Supporting Files/Info.plist";
				INFOPLIST_KEY_CFBundleDisplayName = "movie-land";
				INFOPLIST_KEY_UIApplicationSupportsIndirectInputEvents = YES;
				INFOPLIST_KEY_UILaunchStoryboardName = LaunchScreen;
				INFOPLIST_KEY_UIMainStoryboardFile = "";
				INFOPLIST_KEY_UISupportedInterfaceOrientations_iPad = "UIInterfaceOrientationPortrait UIInterfaceOrientationPortraitUpsideDown UIInterfaceOrientationLandscapeLeft UIInterfaceOrientationLandscapeRight";
				INFOPLIST_KEY_UISupportedInterfaceOrientations_iPhone = "UIInterfaceOrientationPortrait UIInterfaceOrientationLandscapeLeft UIInterfaceOrientationLandscapeRight";
				LD_RUNPATH_SEARCH_PATHS = (
					"$(inherited)",
					"@executable_path/Frameworks",
				);
				MARKETING_VERSION = 1.0;
				PRODUCT_BUNDLE_IDENTIFIER = "com.yolcuogludogukan.movie-land";
				PRODUCT_NAME = "$(TARGET_NAME)";
				SWIFT_EMIT_LOC_STRINGS = YES;
				SWIFT_VERSION = 5.0;
				TARGETED_DEVICE_FAMILY = "1,2";
			};
			name = Debug;
		};
		101ABA432B84C75D0032288F /* Release */ = {
			isa = XCBuildConfiguration;
			baseConfigurationReference = 1FEA794885CE5D4BCA6191C3 /* Pods-movie-land.release.xcconfig */;
			buildSettings = {
				ASSETCATALOG_COMPILER_APPICON_NAME = AppIcon;
				ASSETCATALOG_COMPILER_GLOBAL_ACCENT_COLOR_NAME = AccentColor;
				CODE_SIGN_STYLE = Automatic;
				CURRENT_PROJECT_VERSION = 1;
				DEVELOPMENT_TEAM = VTU49DY9F4;
				GENERATE_INFOPLIST_FILE = YES;
				INFOPLIST_FILE = "movie-land/Supporting Files/Info.plist";
				INFOPLIST_KEY_CFBundleDisplayName = "movie-land";
				INFOPLIST_KEY_UIApplicationSupportsIndirectInputEvents = YES;
				INFOPLIST_KEY_UILaunchStoryboardName = LaunchScreen;
				INFOPLIST_KEY_UIMainStoryboardFile = "";
				INFOPLIST_KEY_UISupportedInterfaceOrientations_iPad = "UIInterfaceOrientationPortrait UIInterfaceOrientationPortraitUpsideDown UIInterfaceOrientationLandscapeLeft UIInterfaceOrientationLandscapeRight";
				INFOPLIST_KEY_UISupportedInterfaceOrientations_iPhone = "UIInterfaceOrientationPortrait UIInterfaceOrientationLandscapeLeft UIInterfaceOrientationLandscapeRight";
				LD_RUNPATH_SEARCH_PATHS = (
					"$(inherited)",
					"@executable_path/Frameworks",
				);
				MARKETING_VERSION = 1.0;
				PRODUCT_BUNDLE_IDENTIFIER = "com.yolcuogludogukan.movie-land";
				PRODUCT_NAME = "$(TARGET_NAME)";
				SWIFT_EMIT_LOC_STRINGS = YES;
				SWIFT_VERSION = 5.0;
				TARGETED_DEVICE_FAMILY = "1,2";
			};
			name = Release;
		};
/* End XCBuildConfiguration section */

/* Begin XCConfigurationList section */
		101ABA282B84C75C0032288F /* Build configuration list for PBXProject "movie-land" */ = {
			isa = XCConfigurationList;
			buildConfigurations = (
				101ABA3F2B84C75D0032288F /* Debug */,
				101ABA402B84C75D0032288F /* Release */,
			);
			defaultConfigurationIsVisible = 0;
			defaultConfigurationName = Release;
		};
		101ABA412B84C75D0032288F /* Build configuration list for PBXNativeTarget "movie-land" */ = {
			isa = XCConfigurationList;
			buildConfigurations = (
				101ABA422B84C75D0032288F /* Debug */,
				101ABA432B84C75D0032288F /* Release */,
			);
			defaultConfigurationIsVisible = 0;
			defaultConfigurationName = Release;
		};
/* End XCConfigurationList section */

/* Begin XCRemoteSwiftPackageReference section */
		106D44152B8902AB009A8137 /* XCRemoteSwiftPackageReference "Signals" */ = {
			isa = XCRemoteSwiftPackageReference;
			repositoryURL = "https://github.com/artman/Signals";
			requirement = {
				kind = upToNextMajorVersion;
				minimumVersion = 6.1.0;
			};
		};
		109A49EB2B84CA0B00BBCB01 /* XCRemoteSwiftPackageReference "Moya" */ = {
			isa = XCRemoteSwiftPackageReference;
			repositoryURL = "https://github.com/Moya/Moya.git";
			requirement = {
				kind = upToNextMajorVersion;
				minimumVersion = 15.0.3;
			};
		};
		109A4A292B84DE5700BBCB01 /* XCRemoteSwiftPackageReference "KeychainAccess" */ = {
			isa = XCRemoteSwiftPackageReference;
			repositoryURL = "https://github.com/kishikawakatsumi/KeychainAccess.git";
			requirement = {
				kind = upToNextMajorVersion;
				minimumVersion = 3.0.0;
			};
		};
		109FCAD82B8883520035E3AE /* XCRemoteSwiftPackageReference "Kingfisher" */ = {
			isa = XCRemoteSwiftPackageReference;
			repositoryURL = "https://github.com/onevcat/Kingfisher.git";
			requirement = {
				kind = upToNextMajorVersion;
				minimumVersion = 7.11.0;
			};
		};
		10B2F6532B8A2A5000842D27 /* XCRemoteSwiftPackageReference "SnapKit" */ = {
			isa = XCRemoteSwiftPackageReference;
			repositoryURL = "https://github.com/SnapKit/SnapKit";
			requirement = {
				kind = upToNextMajorVersion;
				minimumVersion = 5.7.1;
			};
		};
/* End XCRemoteSwiftPackageReference section */

/* Begin XCSwiftPackageProductDependency section */
		106D44162B8902AB009A8137 /* Signals */ = {
			isa = XCSwiftPackageProductDependency;
			package = 106D44152B8902AB009A8137 /* XCRemoteSwiftPackageReference "Signals" */;
			productName = Signals;
		};
		109A49EC2B84CA0B00BBCB01 /* CombineMoya */ = {
			isa = XCSwiftPackageProductDependency;
			package = 109A49EB2B84CA0B00BBCB01 /* XCRemoteSwiftPackageReference "Moya" */;
			productName = CombineMoya;
		};
		109A49EE2B84CA0B00BBCB01 /* Moya */ = {
			isa = XCSwiftPackageProductDependency;
			package = 109A49EB2B84CA0B00BBCB01 /* XCRemoteSwiftPackageReference "Moya" */;
			productName = Moya;
		};
		109A49F02B84CA0B00BBCB01 /* ReactiveMoya */ = {
			isa = XCSwiftPackageProductDependency;
			package = 109A49EB2B84CA0B00BBCB01 /* XCRemoteSwiftPackageReference "Moya" */;
			productName = ReactiveMoya;
		};
		109A49F22B84CA0B00BBCB01 /* RxMoya */ = {
			isa = XCSwiftPackageProductDependency;
			package = 109A49EB2B84CA0B00BBCB01 /* XCRemoteSwiftPackageReference "Moya" */;
			productName = RxMoya;
		};
		109A4A2A2B84DE5700BBCB01 /* KeychainAccess */ = {
			isa = XCSwiftPackageProductDependency;
			package = 109A4A292B84DE5700BBCB01 /* XCRemoteSwiftPackageReference "KeychainAccess" */;
			productName = KeychainAccess;
		};
		109FCAD92B8883520035E3AE /* Kingfisher */ = {
			isa = XCSwiftPackageProductDependency;
			package = 109FCAD82B8883520035E3AE /* XCRemoteSwiftPackageReference "Kingfisher" */;
			productName = Kingfisher;
		};
		10B2F6542B8A2A5000842D27 /* SnapKit */ = {
			isa = XCSwiftPackageProductDependency;
			package = 10B2F6532B8A2A5000842D27 /* XCRemoteSwiftPackageReference "SnapKit" */;
			productName = SnapKit;
		};
/* End XCSwiftPackageProductDependency section */

/* Begin XCVersionGroup section */
		10E2B6862B8CD80F00703BC0 /* MovieLandCoreData.xcdatamodeld */ = {
			isa = XCVersionGroup;
			children = (
				10E2B6872B8CD80F00703BC0 /* MovieLandCoreData.xcdatamodel */,
			);
			currentVersion = 10E2B6872B8CD80F00703BC0 /* MovieLandCoreData.xcdatamodel */;
			path = MovieLandCoreData.xcdatamodeld;
			sourceTree = "<group>";
			versionGroupType = wrapper.xcdatamodel;
		};
/* End XCVersionGroup section */
	};
	rootObject = 101ABA252B84C75C0032288F /* Project object */;
}
